
Microsoft Visual Studio Solution File, Format Version 12.00
# Visual Studio 2013
VisualStudioVersion = 12.0.21005.1
MinimumVisualStudioVersion = 10.0.40219.1
Project("{8BC9CEB8-8B4A-11D0-8D11-00A0C91BC942}") = "GCore", "GCore\GCore.vcxproj", "{31BEC7DA-57FC-4635-A4A0-AB8EDDABEF23}"
EndProject
Project("{8BC9CEB8-8B4A-11D0-8D11-00A0C91BC942}") = "GTerrain", "GTerrain\GTerrain.vcxproj", "{A3067705-2235-40D1-A39F-20766E4C9CED}"
EndProject
Project("{8BC9CEB8-8B4A-11D0-8D11-00A0C91BC942}") = "GGraphics", "GGraphics\GGraphics.vcxproj", "{73B34CB9-7BBA-4615-B4D5-409218EBF5EE}"
EndProject
Project("{8BC9CEB8-8B4A-11D0-8D11-00A0C91BC942}") = "GPhysics", "GPhysics\GPhysics.vcxproj", "{C1099A8C-783F-4E8A-A885-34AA91ED707D}"
EndProject
Project("{8BC9CEB8-8B4A-11D0-8D11-00A0C91BC942}") = "GGameEntity", "GGameEntity\GGameEntity.vcxproj", "{7E2FC99F-2A3F-4CC1-B124-B624FC683FB5}"
EndProject
Project("{8BC9CEB8-8B4A-11D0-8D11-00A0C91BC942}") = "GEntity", "GEntity\GEntity.vcxproj", "{69072916-A616-401B-ADEB-CFEFBD0E46D4}"
EndProject
Project("{8BC9CEB8-8B4A-11D0-8D11-00A0C91BC942}") = "GEvent", "GEvent\GEvent.vcxproj", "{84EDC86D-81BF-456A-B94B-CA5635EB864D}"
EndProject
Project("{8BC9CEB8-8B4A-11D0-8D11-00A0C91BC942}") = "GFramework", "GFramework\GFramework.vcxproj", "{06CEFF77-7F57-4B74-A195-77DF26A13985}"
EndProject
Project("{8BC9CEB8-8B4A-11D0-8D11-00A0C91BC942}") = "GGame", "GGame\GGame.vcxproj", "{3D5A1F95-C324-446A-B436-0E369C2BFC7C}"
EndProject
Project("{8BC9CEB8-8B4A-11D0-8D11-00A0C91BC942}") = "GGameLib", "GGameLib\GGameLib.vcxproj", "{4DD07A14-B998-4750-A8BC-64E6BB6CD2AD}"
EndProject
Project("{8BC9CEB8-8B4A-11D0-8D11-00A0C91BC942}") = "GSystem", "GSystem\GSystem.vcxproj", "{50BA017C-1C38-4DFD-9BD4-8BC223869A58}"
EndProject
Project("{8BC9CEB8-8B4A-11D0-8D11-00A0C91BC942}") = "GeX", "GeX\GeX.vcxproj", "{AB001127-55E1-4BE9-A84D-0A6A2B710378}"
EndProject
Project("{8BC9CEB8-8B4A-11D0-8D11-00A0C91BC942}") = "GScript", "GScript\GScript.vcxproj", "{4A9D4E10-3026-4044-AD6F-84180681FFAB}"
EndProject
Project("{8BC9CEB8-8B4A-11D0-8D11-00A0C91BC942}") = "GSlot", "GSlot\GSlot.vcxproj", "{6F5B0C45-0A7D-4C8D-A3C5-A87BBECBD87C}"
EndProject
Project("{8BC9CEB8-8B4A-11D0-8D11-00A0C91BC942}") = "GModel", "GModel\GModel.vcxproj", "{AAEB3F95-7E02-4DCE-895C-5658D369883B}"
EndProject
Project("{8BC9CEB8-8B4A-11D0-8D11-00A0C91BC942}") = "GGeometry", "GGeometry\GGeometry.vcxproj", "{71CAF979-BC98-496C-89CD-F1CA3346622D}"
EndProject
Project("{8BC9CEB8-8B4A-11D0-8D11-00A0C91BC942}") = "GInterpreter", "GInterpreter\GInterpreter.vcxproj", "{1B81459B-A722-4762-985E-9459E67AFC65}"
EndProject
Project("{8BC9CEB8-8B4A-11D0-8D11-00A0C91BC942}") = "GConsole", "GConsole\GConsole.vcxproj", "{F22FCF53-1897-4AC7-86D7-2C295D0C386E}"
EndProject
Project("{8BC9CEB8-8B4A-11D0-8D11-00A0C91BC942}") = "GAtom", "GAtom\GAtom.vcxproj", "{D9A06E45-C008-42EB-906B-8676CF14B688}"
EndProject
Project("{8BC9CEB8-8B4A-11D0-8D11-00A0C91BC942}") = "GMath", "GMath\GMath.vcxproj", "{BF049246-74E0-4BC8-B7C3-D3C0CB856941}"
EndProject
Global
	GlobalSection(SolutionConfigurationPlatforms) = preSolution
		Debug|Win32 = Debug|Win32
		Debug|x64 = Debug|x64
		Release|Win32 = Release|Win32
		Release|x64 = Release|x64
	EndGlobalSection
	GlobalSection(ProjectConfigurationPlatforms) = postSolution
		{31BEC7DA-57FC-4635-A4A0-AB8EDDABEF23}.Debug|Win32.ActiveCfg = Debug|Win32
		{31BEC7DA-57FC-4635-A4A0-AB8EDDABEF23}.Debug|Win32.Build.0 = Debug|Win32
		{31BEC7DA-57FC-4635-A4A0-AB8EDDABEF23}.Debug|x64.ActiveCfg = Debug|x64
		{31BEC7DA-57FC-4635-A4A0-AB8EDDABEF23}.Debug|x64.Build.0 = Debug|x64
		{31BEC7DA-57FC-4635-A4A0-AB8EDDABEF23}.Release|Win32.ActiveCfg = Release|Win32
		{31BEC7DA-57FC-4635-A4A0-AB8EDDABEF23}.Release|Win32.Build.0 = Release|Win32
		{31BEC7DA-57FC-4635-A4A0-AB8EDDABEF23}.Release|x64.ActiveCfg = Release|x64
		{31BEC7DA-57FC-4635-A4A0-AB8EDDABEF23}.Release|x64.Build.0 = Release|x64
		{A3067705-2235-40D1-A39F-20766E4C9CED}.Debug|Win32.ActiveCfg = Debug|Win32
		{A3067705-2235-40D1-A39F-20766E4C9CED}.Debug|Win32.Build.0 = Debug|Win32
		{A3067705-2235-40D1-A39F-20766E4C9CED}.Debug|x64.ActiveCfg = Debug|x64
		{A3067705-2235-40D1-A39F-20766E4C9CED}.Debug|x64.Build.0 = Debug|x64
		{A3067705-2235-40D1-A39F-20766E4C9CED}.Release|Win32.ActiveCfg = Release|Win32
		{A3067705-2235-40D1-A39F-20766E4C9CED}.Release|Win32.Build.0 = Release|Win32
		{A3067705-2235-40D1-A39F-20766E4C9CED}.Release|x64.ActiveCfg = Release|x64
		{A3067705-2235-40D1-A39F-20766E4C9CED}.Release|x64.Build.0 = Release|x64
		{73B34CB9-7BBA-4615-B4D5-409218EBF5EE}.Debug|Win32.ActiveCfg = Debug|Win32
		{73B34CB9-7BBA-4615-B4D5-409218EBF5EE}.Debug|Win32.Build.0 = Debug|Win32
		{73B34CB9-7BBA-4615-B4D5-409218EBF5EE}.Debug|x64.ActiveCfg = Debug|x64
		{73B34CB9-7BBA-4615-B4D5-409218EBF5EE}.Debug|x64.Build.0 = Debug|x64
		{73B34CB9-7BBA-4615-B4D5-409218EBF5EE}.Release|Win32.ActiveCfg = Release|Win32
		{73B34CB9-7BBA-4615-B4D5-409218EBF5EE}.Release|Win32.Build.0 = Release|Win32
		{73B34CB9-7BBA-4615-B4D5-409218EBF5EE}.Release|x64.ActiveCfg = Release|x64
		{73B34CB9-7BBA-4615-B4D5-409218EBF5EE}.Release|x64.Build.0 = Release|x64
		{C1099A8C-783F-4E8A-A885-34AA91ED707D}.Debug|Win32.ActiveCfg = Debug|Win32
		{C1099A8C-783F-4E8A-A885-34AA91ED707D}.Debug|Win32.Build.0 = Debug|Win32
		{C1099A8C-783F-4E8A-A885-34AA91ED707D}.Debug|x64.ActiveCfg = Debug|x64
		{C1099A8C-783F-4E8A-A885-34AA91ED707D}.Debug|x64.Build.0 = Debug|x64
		{C1099A8C-783F-4E8A-A885-34AA91ED707D}.Release|Win32.ActiveCfg = Release|Win32
		{C1099A8C-783F-4E8A-A885-34AA91ED707D}.Release|Win32.Build.0 = Release|Win32
		{C1099A8C-783F-4E8A-A885-34AA91ED707D}.Release|x64.ActiveCfg = Release|x64
		{C1099A8C-783F-4E8A-A885-34AA91ED707D}.Release|x64.Build.0 = Release|x64
		{7E2FC99F-2A3F-4CC1-B124-B624FC683FB5}.Debug|Win32.ActiveCfg = Debug|Win32
		{7E2FC99F-2A3F-4CC1-B124-B624FC683FB5}.Debug|Win32.Build.0 = Debug|Win32
		{7E2FC99F-2A3F-4CC1-B124-B624FC683FB5}.Debug|x64.ActiveCfg = Debug|x64
		{7E2FC99F-2A3F-4CC1-B124-B624FC683FB5}.Debug|x64.Build.0 = Debug|x64
		{7E2FC99F-2A3F-4CC1-B124-B624FC683FB5}.Release|Win32.ActiveCfg = Release|Win32
		{7E2FC99F-2A3F-4CC1-B124-B624FC683FB5}.Release|Win32.Build.0 = Release|Win32
		{7E2FC99F-2A3F-4CC1-B124-B624FC683FB5}.Release|x64.ActiveCfg = Release|x64
		{7E2FC99F-2A3F-4CC1-B124-B624FC683FB5}.Release|x64.Build.0 = Release|x64
		{69072916-A616-401B-ADEB-CFEFBD0E46D4}.Debug|Win32.ActiveCfg = Debug|Win32
		{69072916-A616-401B-ADEB-CFEFBD0E46D4}.Debug|Win32.Build.0 = Debug|Win32
		{69072916-A616-401B-ADEB-CFEFBD0E46D4}.Debug|x64.ActiveCfg = Debug|x64
		{69072916-A616-401B-ADEB-CFEFBD0E46D4}.Debug|x64.Build.0 = Debug|x64
		{69072916-A616-401B-ADEB-CFEFBD0E46D4}.Release|Win32.ActiveCfg = Release|Win32
		{69072916-A616-401B-ADEB-CFEFBD0E46D4}.Release|Win32.Build.0 = Release|Win32
		{69072916-A616-401B-ADEB-CFEFBD0E46D4}.Release|x64.ActiveCfg = Release|x64
		{69072916-A616-401B-ADEB-CFEFBD0E46D4}.Release|x64.Build.0 = Release|x64
		{84EDC86D-81BF-456A-B94B-CA5635EB864D}.Debug|Win32.ActiveCfg = Debug|Win32
		{84EDC86D-81BF-456A-B94B-CA5635EB864D}.Debug|Win32.Build.0 = Debug|Win32
		{84EDC86D-81BF-456A-B94B-CA5635EB864D}.Debug|x64.ActiveCfg = Debug|x64
		{84EDC86D-81BF-456A-B94B-CA5635EB864D}.Debug|x64.Build.0 = Debug|x64
		{84EDC86D-81BF-456A-B94B-CA5635EB864D}.Release|Win32.ActiveCfg = Release|Win32
		{84EDC86D-81BF-456A-B94B-CA5635EB864D}.Release|Win32.Build.0 = Release|Win32
		{84EDC86D-81BF-456A-B94B-CA5635EB864D}.Release|x64.ActiveCfg = Release|x64
		{84EDC86D-81BF-456A-B94B-CA5635EB864D}.Release|x64.Build.0 = Release|x64
		{06CEFF77-7F57-4B74-A195-77DF26A13985}.Debug|Win32.ActiveCfg = Debug|Win32
		{06CEFF77-7F57-4B74-A195-77DF26A13985}.Debug|Win32.Build.0 = Debug|Win32
		{06CEFF77-7F57-4B74-A195-77DF26A13985}.Debug|x64.ActiveCfg = Debug|x64
		{06CEFF77-7F57-4B74-A195-77DF26A13985}.Debug|x64.Build.0 = Debug|x64
		{06CEFF77-7F57-4B74-A195-77DF26A13985}.Release|Win32.ActiveCfg = Release|Win32
		{06CEFF77-7F57-4B74-A195-77DF26A13985}.Release|Win32.Build.0 = Release|Win32
		{06CEFF77-7F57-4B74-A195-77DF26A13985}.Release|x64.ActiveCfg = Release|x64
		{06CEFF77-7F57-4B74-A195-77DF26A13985}.Release|x64.Build.0 = Release|x64
		{3D5A1F95-C324-446A-B436-0E369C2BFC7C}.Debug|Win32.ActiveCfg = Debug|Win32
		{3D5A1F95-C324-446A-B436-0E369C2BFC7C}.Debug|Win32.Build.0 = Debug|Win32
		{3D5A1F95-C324-446A-B436-0E369C2BFC7C}.Debug|x64.ActiveCfg = Debug|x64
		{3D5A1F95-C324-446A-B436-0E369C2BFC7C}.Debug|x64.Build.0 = Debug|x64
		{3D5A1F95-C324-446A-B436-0E369C2BFC7C}.Release|Win32.ActiveCfg = Release|Win32
		{3D5A1F95-C324-446A-B436-0E369C2BFC7C}.Release|Win32.Build.0 = Release|Win32
		{3D5A1F95-C324-446A-B436-0E369C2BFC7C}.Release|x64.ActiveCfg = Release|x64
		{3D5A1F95-C324-446A-B436-0E369C2BFC7C}.Release|x64.Build.0 = Release|x64
		{4DD07A14-B998-4750-A8BC-64E6BB6CD2AD}.Debug|Win32.ActiveCfg = Debug|Win32
		{4DD07A14-B998-4750-A8BC-64E6BB6CD2AD}.Debug|Win32.Build.0 = Debug|Win32
		{4DD07A14-B998-4750-A8BC-64E6BB6CD2AD}.Debug|x64.ActiveCfg = Debug|x64
		{4DD07A14-B998-4750-A8BC-64E6BB6CD2AD}.Debug|x64.Build.0 = Debug|x64
		{4DD07A14-B998-4750-A8BC-64E6BB6CD2AD}.Release|Win32.ActiveCfg = Release|Win32
		{4DD07A14-B998-4750-A8BC-64E6BB6CD2AD}.Release|Win32.Build.0 = Release|Win32
		{4DD07A14-B998-4750-A8BC-64E6BB6CD2AD}.Release|x64.ActiveCfg = Release|x64
		{4DD07A14-B998-4750-A8BC-64E6BB6CD2AD}.Release|x64.Build.0 = Release|x64
		{50BA017C-1C38-4DFD-9BD4-8BC223869A58}.Debug|Win32.ActiveCfg = Debug|Win32
		{50BA017C-1C38-4DFD-9BD4-8BC223869A58}.Debug|Win32.Build.0 = Debug|Win32
		{50BA017C-1C38-4DFD-9BD4-8BC223869A58}.Debug|x64.ActiveCfg = Debug|x64
		{50BA017C-1C38-4DFD-9BD4-8BC223869A58}.Debug|x64.Build.0 = Debug|x64
		{50BA017C-1C38-4DFD-9BD4-8BC223869A58}.Release|Win32.ActiveCfg = Release|Win32
		{50BA017C-1C38-4DFD-9BD4-8BC223869A58}.Release|Win32.Build.0 = Release|Win32
		{50BA017C-1C38-4DFD-9BD4-8BC223869A58}.Release|x64.ActiveCfg = Release|x64
		{50BA017C-1C38-4DFD-9BD4-8BC223869A58}.Release|x64.Build.0 = Release|x64
		{AB001127-55E1-4BE9-A84D-0A6A2B710378}.Debug|Win32.ActiveCfg = Debug|Win32
		{AB001127-55E1-4BE9-A84D-0A6A2B710378}.Debug|Win32.Build.0 = Debug|Win32
		{AB001127-55E1-4BE9-A84D-0A6A2B710378}.Debug|x64.ActiveCfg = Debug|x64
		{AB001127-55E1-4BE9-A84D-0A6A2B710378}.Debug|x64.Build.0 = Debug|x64
		{AB001127-55E1-4BE9-A84D-0A6A2B710378}.Release|Win32.ActiveCfg = Release|Win32
		{AB001127-55E1-4BE9-A84D-0A6A2B710378}.Release|Win32.Build.0 = Release|Win32
		{AB001127-55E1-4BE9-A84D-0A6A2B710378}.Release|x64.ActiveCfg = Release|x64
		{AB001127-55E1-4BE9-A84D-0A6A2B710378}.Release|x64.Build.0 = Release|x64
		{4A9D4E10-3026-4044-AD6F-84180681FFAB}.Debug|Win32.ActiveCfg = Debug|Win32
		{4A9D4E10-3026-4044-AD6F-84180681FFAB}.Debug|Win32.Build.0 = Debug|Win32
		{4A9D4E10-3026-4044-AD6F-84180681FFAB}.Debug|x64.ActiveCfg = Debug|Win32
		{4A9D4E10-3026-4044-AD6F-84180681FFAB}.Release|Win32.ActiveCfg = Release|Win32
		{4A9D4E10-3026-4044-AD6F-84180681FFAB}.Release|Win32.Build.0 = Release|Win32
		{4A9D4E10-3026-4044-AD6F-84180681FFAB}.Release|x64.ActiveCfg = Release|Win32
		{6F5B0C45-0A7D-4C8D-A3C5-A87BBECBD87C}.Debug|Win32.ActiveCfg = Debug|Win32
		{6F5B0C45-0A7D-4C8D-A3C5-A87BBECBD87C}.Debug|Win32.Build.0 = Debug|Win32
		{6F5B0C45-0A7D-4C8D-A3C5-A87BBECBD87C}.Debug|x64.ActiveCfg = Debug|Win32
		{6F5B0C45-0A7D-4C8D-A3C5-A87BBECBD87C}.Release|Win32.ActiveCfg = Release|Win32
		{6F5B0C45-0A7D-4C8D-A3C5-A87BBECBD87C}.Release|Win32.Build.0 = Release|Win32
		{6F5B0C45-0A7D-4C8D-A3C5-A87BBECBD87C}.Release|x64.ActiveCfg = Release|Win32
		{AAEB3F95-7E02-4DCE-895C-5658D369883B}.Debug|Win32.ActiveCfg = Debug|Win32
		{AAEB3F95-7E02-4DCE-895C-5658D369883B}.Debug|Win32.Build.0 = Debug|Win32
		{AAEB3F95-7E02-4DCE-895C-5658D369883B}.Debug|x64.ActiveCfg = Debug|Win32
		{AAEB3F95-7E02-4DCE-895C-5658D369883B}.Release|Win32.ActiveCfg = Release|Win32
		{AAEB3F95-7E02-4DCE-895C-5658D369883B}.Release|Win32.Build.0 = Release|Win32
		{AAEB3F95-7E02-4DCE-895C-5658D369883B}.Release|x64.ActiveCfg = Release|Win32
		{71CAF979-BC98-496C-89CD-F1CA3346622D}.Debug|Win32.ActiveCfg = Debug|Win32
		{71CAF979-BC98-496C-89CD-F1CA3346622D}.Debug|Win32.Build.0 = Debug|Win32
		{71CAF979-BC98-496C-89CD-F1CA3346622D}.Debug|x64.ActiveCfg = Debug|Win32
		{71CAF979-BC98-496C-89CD-F1CA3346622D}.Release|Win32.ActiveCfg = Release|Win32
		{71CAF979-BC98-496C-89CD-F1CA3346622D}.Release|Win32.Build.0 = Release|Win32
		{71CAF979-BC98-496C-89CD-F1CA3346622D}.Release|x64.ActiveCfg = Release|Win32
		{1B81459B-A722-4762-985E-9459E67AFC65}.Debug|Win32.ActiveCfg = Debug|Win32
		{1B81459B-A722-4762-985E-9459E67AFC65}.Debug|Win32.Build.0 = Debug|Win32
		{1B81459B-A722-4762-985E-9459E67AFC65}.Debug|x64.ActiveCfg = Debug|Win32
		{1B81459B-A722-4762-985E-9459E67AFC65}.Release|Win32.ActiveCfg = Release|Win32
		{1B81459B-A722-4762-985E-9459E67AFC65}.Release|Win32.Build.0 = Release|Win32
		{1B81459B-A722-4762-985E-9459E67AFC65}.Release|x64.ActiveCfg = Release|Win32
		{F22FCF53-1897-4AC7-86D7-2C295D0C386E}.Debug|Win32.ActiveCfg = Debug|Win32
		{F22FCF53-1897-4AC7-86D7-2C295D0C386E}.Debug|Win32.Build.0 = Debug|Win32
		{F22FCF53-1897-4AC7-86D7-2C295D0C386E}.Debug|x64.ActiveCfg = Debug|Win32
		{F22FCF53-1897-4AC7-86D7-2C295D0C386E}.Release|Win32.ActiveCfg = Release|Win32
		{F22FCF53-1897-4AC7-86D7-2C295D0C386E}.Release|Win32.Build.0 = Release|Win32
		{F22FCF53-1897-4AC7-86D7-2C295D0C386E}.Release|x64.ActiveCfg = Release|Win32
		{D9A06E45-C008-42EB-906B-8676CF14B688}.Debug|Win32.ActiveCfg = Debug|Win32
		{D9A06E45-C008-42EB-906B-8676CF14B688}.Debug|Win32.Build.0 = Debug|Win32
		{D9A06E45-C008-42EB-906B-8676CF14B688}.Debug|x64.ActiveCfg = Debug|Win32
		{D9A06E45-C008-42EB-906B-8676CF14B688}.Release|Win32.ActiveCfg = Release|Win32
		{D9A06E45-C008-42EB-906B-8676CF14B688}.Release|Win32.Build.0 = Release|Win32
		{D9A06E45-C008-42EB-906B-8676CF14B688}.Release|x64.ActiveCfg = Release|Win32
		{BF049246-74E0-4BC8-B7C3-D3C0CB856941}.Debug|Win32.ActiveCfg = Debug|Win32
		{BF049246-74E0-4BC8-B7C3-D3C0CB856941}.Debug|Win32.Build.0 = Debug|Win32
		{BF049246-74E0-4BC8-B7C3-D3C0CB856941}.Debug|x64.ActiveCfg = Debug|Win32
		{BF049246-74E0-4BC8-B7C3-D3C0CB856941}.Release|Win32.ActiveCfg = Release|Win32
		{BF049246-74E0-4BC8-B7C3-D3C0CB856941}.Release|Win32.Build.0 = Release|Win32
		{BF049246-74E0-4BC8-B7C3-D3C0CB856941}.Release|x64.ActiveCfg = Release|Win32
	EndGlobalSection
	GlobalSection(SolutionProperties) = preSolution
		HideSolutionNode = FALSE
	EndGlobalSection
EndGlobal
